// !$*UTF8*$!
{
	archiveVersion = 1;
	classes = {
	};
	objectVersion = 46;
	objects = {

/* Begin PBXBuildFile section */
		9C04EC271A7AA27C0091CF02 /* AppDelegate.swift in Sources */ = {isa = PBXBuildFile; fileRef = 9C04EC261A7AA27C0091CF02 /* AppDelegate.swift */; };
		9C04EC291A7AA27C0091CF02 /* CalculatorViewController.swift in Sources */ = {isa = PBXBuildFile; fileRef = 9C04EC281A7AA27C0091CF02 /* CalculatorViewController.swift */; };
		9C04EC2C1A7AA27C0091CF02 /* Main.storyboard in Resources */ = {isa = PBXBuildFile; fileRef = 9C04EC2A1A7AA27C0091CF02 /* Main.storyboard */; };
		9C04EC2E1A7AA27C0091CF02 /* Images.xcassets in Resources */ = {isa = PBXBuildFile; fileRef = 9C04EC2D1A7AA27C0091CF02 /* Images.xcassets */; };
		9C04EC311A7AA27C0091CF02 /* LaunchScreen.xib in Resources */ = {isa = PBXBuildFile; fileRef = 9C04EC2F1A7AA27C0091CF02 /* LaunchScreen.xib */; };
		9C04EC3D1A7AA27C0091CF02 /* CalculatorTests.swift in Sources */ = {isa = PBXBuildFile; fileRef = 9C04EC3C1A7AA27C0091CF02 /* CalculatorTests.swift */; };
		9C5E43181A7C095300E528B5 /* CalculatorBrain.swift in Sources */ = {isa = PBXBuildFile; fileRef = 9C5E43171A7C095300E528B5 /* CalculatorBrain.swift */; };
		9CFF36451A9A3F2900A2F3C8 /* CalculatorGraphViewController.swift in Sources */ = {isa = PBXBuildFile; fileRef = 9CFF36441A9A3F2900A2F3C8 /* CalculatorGraphViewController.swift */; };
		9CFF36471A9A452900A2F3C8 /* AxesDrawer.swift in Sources */ = {isa = PBXBuildFile; fileRef = 9CFF36461A9A452900A2F3C8 /* AxesDrawer.swift */; };
		9CFF36491A9A480D00A2F3C8 /* GraphView.swift in Sources */ = {isa = PBXBuildFile; fileRef = 9CFF36481A9A480D00A2F3C8 /* GraphView.swift */; };
/* End PBXBuildFile section */

/* Begin PBXContainerItemProxy section */
		9C04EC371A7AA27C0091CF02 /* PBXContainerItemProxy */ = {
			isa = PBXContainerItemProxy;
			containerPortal = 9C04EC191A7AA27C0091CF02 /* Project object */;
			proxyType = 1;
			remoteGlobalIDString = 9C04EC201A7AA27C0091CF02;
			remoteInfo = Calculator;
		};
/* End PBXContainerItemProxy section */

/* Begin PBXFileReference section */
		9C04EC211A7AA27C0091CF02 /* Calculator.app */ = {isa = PBXFileReference; explicitFileType = wrapper.application; includeInIndex = 0; path = Calculator.app; sourceTree = BUILT_PRODUCTS_DIR; };
		9C04EC251A7AA27C0091CF02 /* Info.plist */ = {isa = PBXFileReference; lastKnownFileType = text.plist.xml; path = Info.plist; sourceTree = "<group>"; };
		9C04EC261A7AA27C0091CF02 /* AppDelegate.swift */ = {isa = PBXFileReference; lastKnownFileType = sourcecode.swift; path = AppDelegate.swift; sourceTree = "<group>"; };
		9C04EC281A7AA27C0091CF02 /* CalculatorViewController.swift */ = {isa = PBXFileReference; lastKnownFileType = sourcecode.swift; path = CalculatorViewController.swift; sourceTree = "<group>"; };
		9C04EC2B1A7AA27C0091CF02 /* Base */ = {isa = PBXFileReference; lastKnownFileType = file.storyboard; name = Base; path = Base.lproj/Main.storyboard; sourceTree = "<group>"; };
		9C04EC2D1A7AA27C0091CF02 /* Images.xcassets */ = {isa = PBXFileReference; lastKnownFileType = folder.assetcatalog; path = Images.xcassets; sourceTree = "<group>"; };
		9C04EC301A7AA27C0091CF02 /* Base */ = {isa = PBXFileReference; lastKnownFileType = file.xib; name = Base; path = Base.lproj/LaunchScreen.xib; sourceTree = "<group>"; };
		9C04EC361A7AA27C0091CF02 /* CalculatorTests.xctest */ = {isa = PBXFileReference; explicitFileType = wrapper.cfbundle; includeInIndex = 0; path = CalculatorTests.xctest; sourceTree = BUILT_PRODUCTS_DIR; };
		9C04EC3B1A7AA27C0091CF02 /* Info.plist */ = {isa = PBXFileReference; lastKnownFileType = text.plist.xml; path = Info.plist; sourceTree = "<group>"; };
		9C04EC3C1A7AA27C0091CF02 /* CalculatorTests.swift */ = {isa = PBXFileReference; lastKnownFileType = sourcecode.swift; path = CalculatorTests.swift; sourceTree = "<group>"; };
		9C5E43171A7C095300E528B5 /* CalculatorBrain.swift */ = {isa = PBXFileReference; fileEncoding = 4; lastKnownFileType = sourcecode.swift; path = CalculatorBrain.swift; sourceTree = "<group>"; };
		9CFF36441A9A3F2900A2F3C8 /* CalculatorGraphViewController.swift */ = {isa = PBXFileReference; fileEncoding = 4; lastKnownFileType = sourcecode.swift; path = CalculatorGraphViewController.swift; sourceTree = "<group>"; };
		9CFF36461A9A452900A2F3C8 /* AxesDrawer.swift */ = {isa = PBXFileReference; fileEncoding = 4; lastKnownFileType = sourcecode.swift; path = AxesDrawer.swift; sourceTree = "<group>"; };
		9CFF36481A9A480D00A2F3C8 /* GraphView.swift */ = {isa = PBXFileReference; fileEncoding = 4; lastKnownFileType = sourcecode.swift; path = GraphView.swift; sourceTree = "<group>"; };
/* End PBXFileReference section */

/* Begin PBXFrameworksBuildPhase section */
		9C04EC1E1A7AA27C0091CF02 /* Frameworks */ = {
			isa = PBXFrameworksBuildPhase;
			buildActionMask = 2147483647;
			files = (
			);
			runOnlyForDeploymentPostprocessing = 0;
		};
		9C04EC331A7AA27C0091CF02 /* Frameworks */ = {
			isa = PBXFrameworksBuildPhase;
			buildActionMask = 2147483647;
			files = (
			);
			runOnlyForDeploymentPostprocessing = 0;
		};
/* End PBXFrameworksBuildPhase section */

/* Begin PBXGroup section */
		9C04EC181A7AA27C0091CF02 = {
			isa = PBXGroup;
			children = (
				9C04EC231A7AA27C0091CF02 /* Calculator */,
				9C04EC391A7AA27C0091CF02 /* CalculatorTests */,
				9C04EC221A7AA27C0091CF02 /* Products */,
			);
			sourceTree = "<group>";
		};
		9C04EC221A7AA27C0091CF02 /* Products */ = {
			isa = PBXGroup;
			children = (
				9C04EC211A7AA27C0091CF02 /* Calculator.app */,
				9C04EC361A7AA27C0091CF02 /* CalculatorTests.xctest */,
			);
			name = Products;
			sourceTree = "<group>";
		};
		9C04EC231A7AA27C0091CF02 /* Calculator */ = {
			isa = PBXGroup;
			children = (
				9CFF36461A9A452900A2F3C8 /* AxesDrawer.swift */,
				9C04EC281A7AA27C0091CF02 /* CalculatorViewController.swift */,
				9CFF36441A9A3F2900A2F3C8 /* CalculatorGraphViewController.swift */,
				9C5E43171A7C095300E528B5 /* CalculatorBrain.swift */,
				9C04EC2A1A7AA27C0091CF02 /* Main.storyboard */,
				9C04EC241A7AA27C0091CF02 /* Supporting Files */,
				9CFF36481A9A480D00A2F3C8 /* GraphView.swift */,
			);
			path = Calculator;
			sourceTree = "<group>";
		};
		9C04EC241A7AA27C0091CF02 /* Supporting Files */ = {
			isa = PBXGroup;
			children = (
				9C04EC2F1A7AA27C0091CF02 /* LaunchScreen.xib */,
				9C04EC2D1A7AA27C0091CF02 /* Images.xcassets */,
				9C04EC261A7AA27C0091CF02 /* AppDelegate.swift */,
				9C04EC251A7AA27C0091CF02 /* Info.plist */,
			);
			name = "Supporting Files";
			sourceTree = "<group>";
		};
		9C04EC391A7AA27C0091CF02 /* CalculatorTests */ = {
			isa = PBXGroup;
			children = (
				9C04EC3C1A7AA27C0091CF02 /* CalculatorTests.swift */,
				9C04EC3A1A7AA27C0091CF02 /* Supporting Files */,
			);
			path = CalculatorTests;
			sourceTree = "<group>";
		};
		9C04EC3A1A7AA27C0091CF02 /* Supporting Files */ = {
			isa = PBXGroup;
			children = (
				9C04EC3B1A7AA27C0091CF02 /* Info.plist */,
			);
			name = "Supporting Files";
			sourceTree = "<group>";
		};
/* End PBXGroup section */

/* Begin PBXNativeTarget section */
		9C04EC201A7AA27C0091CF02 /* Calculator */ = {
			isa = PBXNativeTarget;
			buildConfigurationList = 9C04EC401A7AA27C0091CF02 /* Build configuration list for PBXNativeTarget "Calculator" */;
			buildPhases = (
				9C04EC1D1A7AA27C0091CF02 /* Sources */,
				9C04EC1E1A7AA27C0091CF02 /* Frameworks */,
				9C04EC1F1A7AA27C0091CF02 /* Resources */,
			);
			buildRules = (
			);
			dependencies = (
			);
			name = Calculator;
			productName = Calculator;
			productReference = 9C04EC211A7AA27C0091CF02 /* Calculator.app */;
			productType = "com.apple.product-type.application";
		};
		9C04EC351A7AA27C0091CF02 /* CalculatorTests */ = {
			isa = PBXNativeTarget;
			buildConfigurationList = 9C04EC431A7AA27C0091CF02 /* Build configuration list for PBXNativeTarget "CalculatorTests" */;
			buildPhases = (
				9C04EC321A7AA27C0091CF02 /* Sources */,
				9C04EC331A7AA27C0091CF02 /* Frameworks */,
				9C04EC341A7AA27C0091CF02 /* Resources */,
			);
			buildRules = (
			);
			dependencies = (
				9C04EC381A7AA27C0091CF02 /* PBXTargetDependency */,
			);
			name = CalculatorTests;
			productName = CalculatorTests;
			productReference = 9C04EC361A7AA27C0091CF02 /* CalculatorTests.xctest */;
			productType = "com.apple.product-type.bundle.unit-test";
		};
/* End PBXNativeTarget section */

/* Begin PBXProject section */
		9C04EC191A7AA27C0091CF02 /* Project object */ = {
			isa = PBXProject;
			attributes = {
				LastUpgradeCheck = 0610;
				ORGANIZATIONNAME = "Stanford University";
				TargetAttributes = {
					9C04EC201A7AA27C0091CF02 = {
						CreatedOnToolsVersion = 6.1.1;
					};
					9C04EC351A7AA27C0091CF02 = {
						CreatedOnToolsVersion = 6.1.1;
						TestTargetID = 9C04EC201A7AA27C0091CF02;
					};
				};
			};
			buildConfigurationList = 9C04EC1C1A7AA27C0091CF02 /* Build configuration list for PBXProject "Calculator" */;
			compatibilityVersion = "Xcode 3.2";
			developmentRegion = English;
			hasScannedForEncodings = 0;
			knownRegions = (
				en,
				Base,
			);
			mainGroup = 9C04EC181A7AA27C0091CF02;
			productRefGroup = 9C04EC221A7AA27C0091CF02 /* Products */;
			projectDirPath = "";
			projectRoot = "";
			targets = (
				9C04EC201A7AA27C0091CF02 /* Calculator */,
				9C04EC351A7AA27C0091CF02 /* CalculatorTests */,
			);
		};
/* End PBXProject section */

/* Begin PBXResourcesBuildPhase section */
		9C04EC1F1A7AA27C0091CF02 /* Resources */ = {
			isa = PBXResourcesBuildPhase;
			buildActionMask = 2147483647;
			files = (
				9C04EC2C1A7AA27C0091CF02 /* Main.storyboard in Resources */,
				9C04EC311A7AA27C0091CF02 /* LaunchScreen.xib in Resources */,
				9C04EC2E1A7AA27C0091CF02 /* Images.xcassets in Resources */,
			);
			runOnlyForDeploymentPostprocessing = 0;
		};
		9C04EC341A7AA27C0091CF02 /* Resources */ = {
			isa = PBXResourcesBuildPhase;
			buildActionMask = 2147483647;
			files = (
			);
			runOnlyForDeploymentPostprocessing = 0;
		};
/* End PBXResourcesBuildPhase section */

/* Begin PBXSourcesBuildPhase section */
		9C04EC1D1A7AA27C0091CF02 /* Sources */ = {
			isa = PBXSourcesBuildPhase;
			buildActionMask = 2147483647;
			files = (
				9C5E43181A7C095300E528B5 /* CalculatorBrain.swift in Sources */,
				9CFF36451A9A3F2900A2F3C8 /* CalculatorGraphViewController.swift in Sources */,
				9CFF36471A9A452900A2F3C8 /* AxesDrawer.swift in Sources */,
				9C04EC291A7AA27C0091CF02 /* CalculatorViewController.swift in Sources */,
				9C04EC271A7AA27C0091CF02 /* AppDelegate.swift in Sources */,
				9CFF36491A9A480D00A2F3C8 /* GraphView.swift in Sources */,
			);
			runOnlyForDeploymentPostprocessing = 0;
		};
		9C04EC321A7AA27C0091CF02 /* Sources */ = {
			isa = PBXSourcesBuildPhase;
			buildActionMask = 2147483647;
			files = (
				9C04EC3D1A7AA27C0091CF02 /* CalculatorTests.swift in Sources */,
			);
			runOnlyForDeploymentPostprocessing = 0;
		};
/* End PBXSourcesBuildPhase section */

/* Begin PBXTargetDependency section */
		9C04EC381A7AA27C0091CF02 /* PBXTargetDependency */ = {
			isa = PBXTargetDependency;
			target = 9C04EC201A7AA27C0091CF02 /* Calculator */;
			targetProxy = 9C04EC371A7AA27C0091CF02 /* PBXContainerItemProxy */;
		};
/* End PBXTargetDependency section */

/* Begin PBXVariantGroup section */
		9C04EC2A1A7AA27C0091CF02 /* Main.storyboard */ = {
			isa = PBXVariantGroup;
			children = (
				9C04EC2B1A7AA27C0091CF02 /* Base */,
			);
			name = Main.storyboard;
			sourceTree = "<group>";
		};
		9C04EC2F1A7AA27C0091CF02 /* LaunchScreen.xib */ = {
			isa = PBXVariantGroup;
			children = (
				9C04EC301A7AA27C0091CF02 /* Base */,
			);
			name = LaunchScreen.xib;
			sourceTree = "<group>";
		};
/* End PBXVariantGroup section */

/* Begin XCBuildConfiguration section */
		9C04EC3E1A7AA27C0091CF02 /* Debug */ = {
			isa = XCBuildConfiguration;
			buildSettings = {
				ALWAYS_SEARCH_USER_PATHS = NO;
				CLANG_CXX_LANGUAGE_STANDARD = "gnu++0x";
				CLANG_CXX_LIBRARY = "libc++";
				CLANG_ENABLE_MODULES = YES;
				CLANG_ENABLE_OBJC_ARC = YES;
				CLANG_WARN_BOOL_CONVERSION = YES;
				CLANG_WARN_CONSTANT_CONVERSION = YES;
				CLANG_WARN_DIRECT_OBJC_ISA_USAGE = YES_ERROR;
				CLANG_WARN_EMPTY_BODY = YES;
				CLANG_WARN_ENUM_CONVERSION = YES;
				CLANG_WARN_INT_CONVERSION = YES;
				CLANG_WARN_OBJC_ROOT_CLASS = YES_ERROR;
				CLANG_WARN_UNREACHABLE_CODE = YES;
				CLANG_WARN__DUPLICATE_METHOD_MATCH = YES;
				"CODE_SIGN_IDENTITY[sdk=iphoneos*]" = "iPhone Developer";
				COPY_PHASE_STRIP = NO;
				ENABLE_STRICT_OBJC_MSGSEND = YES;
				GCC_C_LANGUAGE_STANDARD = gnu99;
				GCC_DYNAMIC_NO_PIC = NO;
				GCC_OPTIMIZATION_LEVEL = 0;
				GCC_PREPROCESSOR_DEFINITIONS = (
					"DEBUG=1",
					"$(inherited)",
				);
				GCC_SYMBOLS_PRIVATE_EXTERN = NO;
				GCC_WARN_64_TO_32_BIT_CONVERSION = YES;
				GCC_WARN_ABOUT_RETURN_TYPE = YES_ERROR;
				GCC_WARN_UNDECLARED_SELECTOR = YES;
				GCC_WARN_UNINITIALIZED_AUTOS = YES_AGGRESSIVE;
				GCC_WARN_UNUSED_FUNCTION = YES;
				GCC_WARN_UNUSED_VARIABLE = YES;
				IPHONEOS_DEPLOYMENT_TARGET = 8.1;
				MTL_ENABLE_DEBUG_INFO = YES;
				ONLY_ACTIVE_ARCH = YES;
				SDKROOT = iphoneos;
				SWIFT_OPTIMIZATION_LEVEL = "-Onone";
				TARGETED_DEVICE_FAMILY = "1,2";
			};
			name = Debug;
		};
		9C04EC3F1A7AA27C0091CF02 /* Release */ = {
			isa = XCBuildConfiguration;
			buildSettings = {
				ALWAYS_SEARCH_USER_PATHS = NO;
				CLANG_CXX_LANGUAGE_STANDARD = "gnu++0x";
				CLANG_CXX_LIBRARY = "libc++";
				CLANG_ENABLE_MODULES = YES;
				CLANG_ENABLE_OBJC_ARC = YES;
				CLANG_WARN_BOOL_CONVERSION = YES;
				CLANG_WARN_CONSTANT_CONVERSION = YES;
				CLANG_WARN_DIRECT_OBJC_ISA_USAGE = YES_ERROR;
				CLANG_WARN_EMPTY_BODY = YES;
				CLANG_WARN_ENUM_CONVERSION = YES;
				CLANG_WARN_INT_CONVERSION = YES;
				CLANG_WARN_OBJC_ROOT_CLASS = YES_ERROR;
				CLANG_WARN_UNREACHABLE_CODE = YES;
				CLANG_WARN__DUPLICATE_METHOD_MATCH = YES;
				"CODE_SIGN_IDENTITY[sdk=iphoneos*]" = "iPhone Developer";
				COPY_PHASE_STRIP = YES;
				ENABLE_NS_ASSERTIONS = NO;
				ENABLE_STRICT_OBJC_MSGSEND = YES;
				GCC_C_LANGUAGE_STANDARD = gnu99;
				GCC_WARN_64_TO_32_BIT_CONVERSION = YES;
				GCC_WARN_ABOUT_RETURN_TYPE = YES_ERROR;
				GCC_WARN_UNDECLARED_SELECTOR = YES;
				GCC_WARN_UNINITIALIZED_AUTOS = YES_AGGRESSIVE;
				GCC_WARN_UNUSED_FUNCTION = YES;
				GCC_WARN_UNUSED_VARIABLE = YES;
				IPHONEOS_DEPLOYMENT_TARGET = 8.1;
				MTL_ENABLE_DEBUG_INFO = NO;
				SDKROOT = iphoneos;
				TARGETED_DEVICE_FAMILY = "1,2";
				VALIDATE_PRODUCT = YES;
			};
			name = Release;
		};
		9C04EC411A7AA27C0091CF02 /* Debug */ = {
			isa = XCBuildConfiguration;
			buildSettings = {
				ASSETCATALOG_COMPILER_APPICON_NAME = AppIcon;
				INFOPLIST_FILE = Calculator/Info.plist;
				LD_RUNPATH_SEARCH_PATHS = "$(inherited) @executable_path/Frameworks";
				PRODUCT_NAME = "$(TARGET_NAME)";
			};
			name = Debug;
		};
		9C04EC421A7AA27C0091CF02 /* Release */ = {
			isa = XCBuildConfiguration;
			buildSettings = {
				ASSETCATALOG_COMPILER_APPICON_NAME = AppIcon;
				INFOPLIST_FILE = Calculator/Info.plist;
				LD_RUNPATH_SEARCH_PATHS = "$(inherited) @executable_path/Frameworks";
				PRODUCT_NAME = "$(TARGET_NAME)";
			};
			name = Release;
		};
		9C04EC441A7AA27C0091CF02 /* Debug */ = {
			isa = XCBuildConfiguration;
			buildSettings = {
				BUNDLE_LOADER = "$(TEST_HOST)";
				FRAMEWORK_SEARCH_PATHS = (
					"$(SDKROOT)/Developer/Library/Frameworks",
					"$(inherited)",
				);
				GCC_PREPROCESSOR_DEFINITIONS = (
					"DEBUG=1",
					"$(inherited)",
				);
				INFOPLIST_FILE = CalculatorTests/Info.plist;
				LD_RUNPATH_SEARCH_PATHS = "$(inherited) @executable_path/Frameworks @loader_path/Frameworks";
				PRODUCT_NAME = "$(TARGET_NAME)";
				TEST_HOST = "$(BUILT_PRODUCTS_DIR)/Calculator.app/Calculator";
			};
			name = Debug;
		};
		9C04EC451A7AA27C0091CF02 /* Release */ = {
			isa = XCBuildConfiguration;
			buildSettings = {
				BUNDLE_LOADER = "$(TEST_HOST)";
				FRAMEWORK_SEARCH_PATHS = (
					"$(SDKROOT)/Developer/Library/Frameworks",
					"$(inherited)",
				);
				INFOPLIST_FILE = CalculatorTests/Info.plist;
				LD_RUNPATH_SEARCH_PATHS = "$(inherited) @executable_path/Frameworks @loader_path/Frameworks";
				PRODUCT_NAME = "$(TARGET_NAME)";
				TEST_HOST = "$(BUILT_PRODUCTS_DIR)/Calculator.app/Calculator";
			};
			name = Release;
		};
/* End XCBuildConfiguration section */

/* Begin XCConfigurationList section */
		9C04EC1C1A7AA27C0091CF02 /* Build configuration list for PBXProject "Calculator" */ = {
			isa = XCConfigurationList;
			buildConfigurations = (
				9C04EC3E1A7AA27C0091CF02 /* Debug */,
				9C04EC3F1A7AA27C0091CF02 /* Release */,
			);
			defaultConfigurationIsVisible = 0;
			defaultConfigurationName = Release;
		};
		9C04EC401A7AA27C0091CF02 /* Build configuration list for PBXNativeTarget "Calculator" */ = {
			isa = XCConfigurationList;
			buildConfigurations = (
				9C04EC411A7AA27C0091CF02 /* Debug */,
				9C04EC421A7AA27C0091CF02 /* Release */,
			);
			defaultConfigurationIsVisible = 0;
			defaultConfigurationName = Release;
		};
		9C04EC431A7AA27C0091CF02 /* Build configuration list for PBXNativeTarget "CalculatorTests" */ = {
			isa = XCConfigurationList;
			buildConfigurations = (
				9C04EC441A7AA27C0091CF02 /* Debug */,
				9C04EC451A7AA27C0091CF02 /* Release */,
			);
			defaultConfigurationIsVisible = 0;
			defaultConfigurationName = Release;
		};
/* End XCConfigurationList section */
	};
	rootObject = 9C04EC191A7AA27C0091CF02 /* Project object */;
}
